
Microsoft Visual Studio Solution File, Format Version 12.00
# Visual Studio Version 17
VisualStudioVersion = 17.13.35825.156
MinimumVisualStudioVersion = 10.0.40219.1
Project("{FAE04EC0-301F-11D3-BF4B-00C04F79EFBC}") = "ExtensibleParaser", "ExtensibleParaser\ExtensibleParaser.csproj", "{DA07822B-4292-43D0-BF14-DBA54FFC042C}"
EndProject
Project("{FAE04EC0-301F-11D3-BF4B-00C04F79EFBC}") = "ParaserTests", "Tests\ParaserTests\ParaserTests.csproj", "{F4425031-73A3-42A6-92B1-4877832C18B2}"
EndProject
Project("{2150E333-8FDC-42A3-9474-1A3956D46DE8}") = "Solution Items", "Solution Items", "{02EA681E-C7D8-13C7-8484-4AC65E1B71E8}"
	ProjectSection(SolutionItems) = preProject
		.editorconfig = .editorconfig
		global.json = global.json
	EndProjectSection
EndProject
Project("{FAE04EC0-301F-11D3-BF4B-00C04F79EFBC}") = "TerminalGenerator", "TerminalGenerator\TerminalGenerator.csproj", "{688DD31C-5C27-4FB9-851C-21DE6A83E624}"
EndProject
Project("{FAE04EC0-301F-11D3-BF4B-00C04F79EFBC}") = "Regex", "Regex\Regex\Regex.csproj", "{2F33393E-1EC0-55C8-592E-3F21F33DBC23}"
EndProject
Project("{FAE04EC0-301F-11D3-BF4B-00C04F79EFBC}") = "RegexTests", "Tests\RegexTests\RegexTests.csproj", "{B9E7A277-8B03-4B58-B46E-F489F34BC7DB}"
EndProject
Project("{2150E333-8FDC-42A3-9474-1A3956D46DE8}") = "Tests", "Tests", "{BFC5E780-F61A-4D8B-84BF-939EB831FD84}"
EndProject
Project("{2150E333-8FDC-42A3-9474-1A3956D46DE8}") = "Psrsers", "Psrsers", "{CAB1ED79-7BF8-4523-A747-DB4DB117D1D3}"
EndProject
Project("{FAE04EC0-301F-11D3-BF4B-00C04F79EFBC}") = "DotParser", "Parsers\Dot\DotParser\DotParser.csproj", "{6D15C9FA-85B9-454C-BDD3-1023839374D4}"
EndProject
Project("{2150E333-8FDC-42A3-9474-1A3956D46DE8}") = "Dot", "Dot", "{4318483A-5409-4282-8D0B-62D10DB6A8D4}"
EndProject
Project("{FAE04EC0-301F-11D3-BF4B-00C04F79EFBC}") = "WiWorkflow", "Parsers\Dot\WiWorkflow\WiWorkflow.csproj", "{D7269D08-6C80-43D3-8D9B-B948021B1C0F}"
EndProject
Project("{FAE04EC0-301F-11D3-BF4B-00C04F79EFBC}") = "Workflow", "Parsers\Dot\Workflow\Workflow.csproj", "{36CF96E6-1EC5-4E4D-A3F7-7C2B5FA22F56}"
EndProject
Project("{FAE04EC0-301F-11D3-BF4B-00C04F79EFBC}") = "WorkflowGenerator", "Parsers\Dot\WorkflowGenerator\WorkflowGenerator.csproj", "{B372BCFB-B1DF-4FBF-8C65-2942920B5C57}"
EndProject
Project("{FAE04EC0-301F-11D3-BF4B-00C04F79EFBC}") = "WiWorkflowTests", "Tests\WiWorkflowTests\WiWorkflowTests.csproj", "{01C42F92-EB73-4BD1-8706-80C47D4ECA9C}"
EndProject
Project("{2150E333-8FDC-42A3-9474-1A3956D46DE8}") = "Json", "Json", "{1AB39F20-22B4-4C54-99E2-65960EDCD4AA}"
EndProject
Project("{FAE04EC0-301F-11D3-BF4B-00C04F79EFBC}") = "Json", "Parsers\Json\Json.csproj", "{F8A7A9B3-BFD2-47EB-826D-C3538BB2F44B}"
EndProject
Project("{2150E333-8FDC-42A3-9474-1A3956D46DE8}") = "Cpp", "Cpp", "{D1F0A901-58C1-485F-A070-60766C7DCC01}"
EndProject
Project("{FAE04EC0-301F-11D3-BF4B-00C04F79EFBC}") = "CppEnumExtractor", "Parsers\Cpp\CppEnumExtractor\CppEnumExtractor.csproj", "{026F07D3-FA07-478F-BE00-C831EE05BF12}"
EndProject
Project("{FAE04EC0-301F-11D3-BF4B-00C04F79EFBC}") = "EnumGenerator", "Parsers\Cpp\EnumGenerator\EnumGenerator.csproj", "{46533B4C-7C53-4771-9773-F793BAD29AA7}"
EndProject
Project("{FAE04EC0-301F-11D3-BF4B-00C04F79EFBC}") = "EnumGeneratorTest", "Parsers\Cpp\EnumGeneratorTest\EnumGeneratorTest.csproj", "{7B59619A-E141-47D5-9305-B90E47965A86}"
EndProject
Global
	GlobalSection(SolutionConfigurationPlatforms) = preSolution
		Debug|Any CPU = Debug|Any CPU
		Debug|x64 = Debug|x64
		Release|Any CPU = Release|Any CPU
		Release|x64 = Release|x64
	EndGlobalSection
	GlobalSection(ProjectConfigurationPlatforms) = postSolution
		{DA07822B-4292-43D0-BF14-DBA54FFC042C}.Debug|Any CPU.ActiveCfg = Debug|Any CPU
		{DA07822B-4292-43D0-BF14-DBA54FFC042C}.Debug|Any CPU.Build.0 = Debug|Any CPU
		{DA07822B-4292-43D0-BF14-DBA54FFC042C}.Debug|x64.ActiveCfg = Debug|Any CPU
		{DA07822B-4292-43D0-BF14-DBA54FFC042C}.Debug|x64.Build.0 = Debug|Any CPU
		{DA07822B-4292-43D0-BF14-DBA54FFC042C}.Release|Any CPU.ActiveCfg = Release|Any CPU
		{DA07822B-4292-43D0-BF14-DBA54FFC042C}.Release|Any CPU.Build.0 = Release|Any CPU
		{DA07822B-4292-43D0-BF14-DBA54FFC042C}.Release|x64.ActiveCfg = Release|Any CPU
		{DA07822B-4292-43D0-BF14-DBA54FFC042C}.Release|x64.Build.0 = Release|Any CPU
		{F4425031-73A3-42A6-92B1-4877832C18B2}.Debug|Any CPU.ActiveCfg = Debug|Any CPU
		{F4425031-73A3-42A6-92B1-4877832C18B2}.Debug|Any CPU.Build.0 = Debug|Any CPU
		{F4425031-73A3-42A6-92B1-4877832C18B2}.Debug|x64.ActiveCfg = Debug|Any CPU
		{F4425031-73A3-42A6-92B1-4877832C18B2}.Debug|x64.Build.0 = Debug|Any CPU
		{F4425031-73A3-42A6-92B1-4877832C18B2}.Release|Any CPU.ActiveCfg = Release|Any CPU
		{F4425031-73A3-42A6-92B1-4877832C18B2}.Release|Any CPU.Build.0 = Release|Any CPU
		{F4425031-73A3-42A6-92B1-4877832C18B2}.Release|x64.ActiveCfg = Release|Any CPU
		{F4425031-73A3-42A6-92B1-4877832C18B2}.Release|x64.Build.0 = Release|Any CPU
		{688DD31C-5C27-4FB9-851C-21DE6A83E624}.Debug|Any CPU.ActiveCfg = Debug|Any CPU
		{688DD31C-5C27-4FB9-851C-21DE6A83E624}.Debug|Any CPU.Build.0 = Debug|Any CPU
		{688DD31C-5C27-4FB9-851C-21DE6A83E624}.Debug|x64.ActiveCfg = Debug|Any CPU
		{688DD31C-5C27-4FB9-851C-21DE6A83E624}.Debug|x64.Build.0 = Debug|Any CPU
		{688DD31C-5C27-4FB9-851C-21DE6A83E624}.Release|Any CPU.ActiveCfg = Release|Any CPU
		{688DD31C-5C27-4FB9-851C-21DE6A83E624}.Release|Any CPU.Build.0 = Release|Any CPU
		{688DD31C-5C27-4FB9-851C-21DE6A83E624}.Release|x64.ActiveCfg = Release|Any CPU
		{688DD31C-5C27-4FB9-851C-21DE6A83E624}.Release|x64.Build.0 = Release|Any CPU
		{2F33393E-1EC0-55C8-592E-3F21F33DBC23}.Debug|Any CPU.ActiveCfg = Debug|Any CPU
		{2F33393E-1EC0-55C8-592E-3F21F33DBC23}.Debug|Any CPU.Build.0 = Debug|Any CPU
		{2F33393E-1EC0-55C8-592E-3F21F33DBC23}.Debug|x64.ActiveCfg = Debug|Any CPU
		{2F33393E-1EC0-55C8-592E-3F21F33DBC23}.Debug|x64.Build.0 = Debug|Any CPU
		{2F33393E-1EC0-55C8-592E-3F21F33DBC23}.Release|Any CPU.ActiveCfg = Release|Any CPU
		{2F33393E-1EC0-55C8-592E-3F21F33DBC23}.Release|Any CPU.Build.0 = Release|Any CPU
		{2F33393E-1EC0-55C8-592E-3F21F33DBC23}.Release|x64.ActiveCfg = Release|Any CPU
		{2F33393E-1EC0-55C8-592E-3F21F33DBC23}.Release|x64.Build.0 = Release|Any CPU
		{B9E7A277-8B03-4B58-B46E-F489F34BC7DB}.Debug|Any CPU.ActiveCfg = Debug|Any CPU
		{B9E7A277-8B03-4B58-B46E-F489F34BC7DB}.Debug|Any CPU.Build.0 = Debug|Any CPU
		{B9E7A277-8B03-4B58-B46E-F489F34BC7DB}.Debug|x64.ActiveCfg = Debug|Any CPU
		{B9E7A277-8B03-4B58-B46E-F489F34BC7DB}.Debug|x64.Build.0 = Debug|Any CPU
		{B9E7A277-8B03-4B58-B46E-F489F34BC7DB}.Release|Any CPU.ActiveCfg = Release|Any CPU
		{B9E7A277-8B03-4B58-B46E-F489F34BC7DB}.Release|Any CPU.Build.0 = Release|Any CPU
		{B9E7A277-8B03-4B58-B46E-F489F34BC7DB}.Release|x64.ActiveCfg = Release|Any CPU
		{B9E7A277-8B03-4B58-B46E-F489F34BC7DB}.Release|x64.Build.0 = Release|Any CPU
		{6D15C9FA-85B9-454C-BDD3-1023839374D4}.Debug|Any CPU.ActiveCfg = Debug|Any CPU
		{6D15C9FA-85B9-454C-BDD3-1023839374D4}.Debug|Any CPU.Build.0 = Debug|Any CPU
		{6D15C9FA-85B9-454C-BDD3-1023839374D4}.Debug|x64.ActiveCfg = Debug|Any CPU
		{6D15C9FA-85B9-454C-BDD3-1023839374D4}.Debug|x64.Build.0 = Debug|Any CPU
		{6D15C9FA-85B9-454C-BDD3-1023839374D4}.Release|Any CPU.ActiveCfg = Release|Any CPU
		{6D15C9FA-85B9-454C-BDD3-1023839374D4}.Release|Any CPU.Build.0 = Release|Any CPU
		{6D15C9FA-85B9-454C-BDD3-1023839374D4}.Release|x64.ActiveCfg = Release|Any CPU
		{6D15C9FA-85B9-454C-BDD3-1023839374D4}.Release|x64.Build.0 = Release|Any CPU
		{D7269D08-6C80-43D3-8D9B-B948021B1C0F}.Debug|Any CPU.ActiveCfg = Debug|Any CPU
		{D7269D08-6C80-43D3-8D9B-B948021B1C0F}.Debug|Any CPU.Build.0 = Debug|Any CPU
		{D7269D08-6C80-43D3-8D9B-B948021B1C0F}.Debug|x64.ActiveCfg = Debug|Any CPU
		{D7269D08-6C80-43D3-8D9B-B948021B1C0F}.Debug|x64.Build.0 = Debug|Any CPU
		{D7269D08-6C80-43D3-8D9B-B948021B1C0F}.Release|Any CPU.ActiveCfg = Release|Any CPU
		{D7269D08-6C80-43D3-8D9B-B948021B1C0F}.Release|Any CPU.Build.0 = Release|Any CPU
		{D7269D08-6C80-43D3-8D9B-B948021B1C0F}.Release|x64.ActiveCfg = Release|Any CPU
		{D7269D08-6C80-43D3-8D9B-B948021B1C0F}.Release|x64.Build.0 = Release|Any CPU
		{36CF96E6-1EC5-4E4D-A3F7-7C2B5FA22F56}.Debug|Any CPU.ActiveCfg = Debug|Any CPU
		{36CF96E6-1EC5-4E4D-A3F7-7C2B5FA22F56}.Debug|Any CPU.Build.0 = Debug|Any CPU
		{36CF96E6-1EC5-4E4D-A3F7-7C2B5FA22F56}.Debug|x64.ActiveCfg = Debug|Any CPU
		{36CF96E6-1EC5-4E4D-A3F7-7C2B5FA22F56}.Debug|x64.Build.0 = Debug|Any CPU
		{36CF96E6-1EC5-4E4D-A3F7-7C2B5FA22F56}.Release|Any CPU.ActiveCfg = Release|Any CPU
		{36CF96E6-1EC5-4E4D-A3F7-7C2B5FA22F56}.Release|Any CPU.Build.0 = Release|Any CPU
		{36CF96E6-1EC5-4E4D-A3F7-7C2B5FA22F56}.Release|x64.ActiveCfg = Release|Any CPU
		{36CF96E6-1EC5-4E4D-A3F7-7C2B5FA22F56}.Release|x64.Build.0 = Release|Any CPU
		{B372BCFB-B1DF-4FBF-8C65-2942920B5C57}.Debug|Any CPU.ActiveCfg = Debug|Any CPU
		{B372BCFB-B1DF-4FBF-8C65-2942920B5C57}.Debug|Any CPU.Build.0 = Debug|Any CPU
		{B372BCFB-B1DF-4FBF-8C65-2942920B5C57}.Debug|x64.ActiveCfg = Debug|Any CPU
		{B372BCFB-B1DF-4FBF-8C65-2942920B5C57}.Debug|x64.Build.0 = Debug|Any CPU
		{B372BCFB-B1DF-4FBF-8C65-2942920B5C57}.Release|Any CPU.ActiveCfg = Release|Any CPU
		{B372BCFB-B1DF-4FBF-8C65-2942920B5C57}.Release|Any CPU.Build.0 = Release|Any CPU
		{B372BCFB-B1DF-4FBF-8C65-2942920B5C57}.Release|x64.ActiveCfg = Release|Any CPU
		{B372BCFB-B1DF-4FBF-8C65-2942920B5C57}.Release|x64.Build.0 = Release|Any CPU
		{01C42F92-EB73-4BD1-8706-80C47D4ECA9C}.Debug|Any CPU.ActiveCfg = Debug|Any CPU
		{01C42F92-EB73-4BD1-8706-80C47D4ECA9C}.Debug|Any CPU.Build.0 = Debug|Any CPU
		{01C42F92-EB73-4BD1-8706-80C47D4ECA9C}.Debug|x64.ActiveCfg = Debug|Any CPU
		{01C42F92-EB73-4BD1-8706-80C47D4ECA9C}.Debug|x64.Build.0 = Debug|Any CPU
		{01C42F92-EB73-4BD1-8706-80C47D4ECA9C}.Release|Any CPU.ActiveCfg = Release|Any CPU
		{01C42F92-EB73-4BD1-8706-80C47D4ECA9C}.Release|Any CPU.Build.0 = Release|Any CPU
		{01C42F92-EB73-4BD1-8706-80C47D4ECA9C}.Release|x64.ActiveCfg = Release|Any CPU
		{01C42F92-EB73-4BD1-8706-80C47D4ECA9C}.Release|x64.Build.0 = Release|Any CPU
		{F8A7A9B3-BFD2-47EB-826D-C3538BB2F44B}.Debug|Any CPU.ActiveCfg = Debug|Any CPU
		{F8A7A9B3-BFD2-47EB-826D-C3538BB2F44B}.Debug|Any CPU.Build.0 = Debug|Any CPU
		{F8A7A9B3-BFD2-47EB-826D-C3538BB2F44B}.Debug|x64.ActiveCfg = Debug|Any CPU
		{F8A7A9B3-BFD2-47EB-826D-C3538BB2F44B}.Debug|x64.Build.0 = Debug|Any CPU
		{F8A7A9B3-BFD2-47EB-826D-C3538BB2F44B}.Release|Any CPU.ActiveCfg = Release|Any CPU
		{F8A7A9B3-BFD2-47EB-826D-C3538BB2F44B}.Release|Any CPU.Build.0 = Release|Any CPU
		{F8A7A9B3-BFD2-47EB-826D-C3538BB2F44B}.Release|x64.ActiveCfg = Release|Any CPU
		{F8A7A9B3-BFD2-47EB-826D-C3538BB2F44B}.Release|x64.Build.0 = Release|Any CPU
		{026F07D3-FA07-478F-BE00-C831EE05BF12}.Debug|Any CPU.ActiveCfg = Debug|Any CPU
		{026F07D3-FA07-478F-BE00-C831EE05BF12}.Debug|Any CPU.Build.0 = Debug|Any CPU
		{026F07D3-FA07-478F-BE00-C831EE05BF12}.Debug|x64.ActiveCfg = Debug|Any CPU
		{026F07D3-FA07-478F-BE00-C831EE05BF12}.Debug|x64.Build.0 = Debug|Any CPU
		{026F07D3-FA07-478F-BE00-C831EE05BF12}.Release|Any CPU.ActiveCfg = Release|Any CPU
		{026F07D3-FA07-478F-BE00-C831EE05BF12}.Release|Any CPU.Build.0 = Release|Any CPU
		{026F07D3-FA07-478F-BE00-C831EE05BF12}.Release|x64.ActiveCfg = Release|Any CPU
		{026F07D3-FA07-478F-BE00-C831EE05BF12}.Release|x64.Build.0 = Release|Any CPU
		{46533B4C-7C53-4771-9773-F793BAD29AA7}.Debug|Any CPU.ActiveCfg = Debug|Any CPU
		{46533B4C-7C53-4771-9773-F793BAD29AA7}.Debug|Any CPU.Build.0 = Debug|Any CPU
		{46533B4C-7C53-4771-9773-F793BAD29AA7}.Debug|x64.ActiveCfg = Debug|Any CPU
		{46533B4C-7C53-4771-9773-F793BAD29AA7}.Debug|x64.Build.0 = Debug|Any CPU
		{46533B4C-7C53-4771-9773-F793BAD29AA7}.Release|Any CPU.ActiveCfg = Release|Any CPU
		{46533B4C-7C53-4771-9773-F793BAD29AA7}.Release|Any CPU.Build.0 = Release|Any CPU
		{46533B4C-7C53-4771-9773-F793BAD29AA7}.Release|x64.ActiveCfg = Release|Any CPU
		{46533B4C-7C53-4771-9773-F793BAD29AA7}.Release|x64.Build.0 = Release|Any CPU
		{7B59619A-E141-47D5-9305-B90E47965A86}.Debug|Any CPU.ActiveCfg = Debug|Any CPU
		{7B59619A-E141-47D5-9305-B90E47965A86}.Debug|Any CPU.Build.0 = Debug|Any CPU
		{7B59619A-E141-47D5-9305-B90E47965A86}.Debug|x64.ActiveCfg = Debug|Any CPU
		{7B59619A-E141-47D5-9305-B90E47965A86}.Debug|x64.Build.0 = Debug|Any CPU
		{7B59619A-E141-47D5-9305-B90E47965A86}.Release|Any CPU.ActiveCfg = Release|Any CPU
		{7B59619A-E141-47D5-9305-B90E47965A86}.Release|Any CPU.Build.0 = Release|Any CPU
		{7B59619A-E141-47D5-9305-B90E47965A86}.Release|x64.ActiveCfg = Release|Any CPU
		{7B59619A-E141-47D5-9305-B90E47965A86}.Release|x64.Build.0 = Release|Any CPU
	EndGlobalSection
	GlobalSection(SolutionProperties) = preSolution
		HideSolutionNode = FALSE
	EndGlobalSection
	GlobalSection(NestedProjects) = preSolution
		{F4425031-73A3-42A6-92B1-4877832C18B2} = {BFC5E780-F61A-4D8B-84BF-939EB831FD84}
		{B9E7A277-8B03-4B58-B46E-F489F34BC7DB} = {BFC5E780-F61A-4D8B-84BF-939EB831FD84}
		{6D15C9FA-85B9-454C-BDD3-1023839374D4} = {4318483A-5409-4282-8D0B-62D10DB6A8D4}
		{4318483A-5409-4282-8D0B-62D10DB6A8D4} = {CAB1ED79-7BF8-4523-A747-DB4DB117D1D3}
		{D7269D08-6C80-43D3-8D9B-B948021B1C0F} = {4318483A-5409-4282-8D0B-62D10DB6A8D4}
		{36CF96E6-1EC5-4E4D-A3F7-7C2B5FA22F56} = {4318483A-5409-4282-8D0B-62D10DB6A8D4}
		{B372BCFB-B1DF-4FBF-8C65-2942920B5C57} = {4318483A-5409-4282-8D0B-62D10DB6A8D4}
		{01C42F92-EB73-4BD1-8706-80C47D4ECA9C} = {BFC5E780-F61A-4D8B-84BF-939EB831FD84}
		{1AB39F20-22B4-4C54-99E2-65960EDCD4AA} = {CAB1ED79-7BF8-4523-A747-DB4DB117D1D3}
		{F8A7A9B3-BFD2-47EB-826D-C3538BB2F44B} = {1AB39F20-22B4-4C54-99E2-65960EDCD4AA}
		{D1F0A901-58C1-485F-A070-60766C7DCC01} = {CAB1ED79-7BF8-4523-A747-DB4DB117D1D3}
		{026F07D3-FA07-478F-BE00-C831EE05BF12} = {D1F0A901-58C1-485F-A070-60766C7DCC01}
		{46533B4C-7C53-4771-9773-F793BAD29AA7} = {D1F0A901-58C1-485F-A070-60766C7DCC01}
		{7B59619A-E141-47D5-9305-B90E47965A86} = {D1F0A901-58C1-485F-A070-60766C7DCC01}
	EndGlobalSection
	GlobalSection(ExtensibilityGlobals) = postSolution
		SolutionGuid = {1CFBB9ED-FF57-4990-B1C7-F31EB1F3BDAB}
	EndGlobalSection
EndGlobal
